// !$*UTF8*$!
{
	archiveVersion = 1;
	classes = {
	};
	objectVersion = 50;
	objects = {

/* Begin PBXBuildFile section */
		2B4A035F24AF710C00B5C724 /* AppDelegate.swift in Sources */ = {isa = PBXBuildFile; fileRef = 2B4A035E24AF710C00B5C724 /* AppDelegate.swift */; };
		2B4A036124AF710C00B5C724 /* ViewController.swift in Sources */ = {isa = PBXBuildFile; fileRef = 2B4A036024AF710C00B5C724 /* ViewController.swift */; };
		2B4A036424AF710C00B5C724 /* Main.storyboard in Resources */ = {isa = PBXBuildFile; fileRef = 2B4A036224AF710C00B5C724 /* Main.storyboard */; };
		2B4A036624AF710E00B5C724 /* Assets.xcassets in Resources */ = {isa = PBXBuildFile; fileRef = 2B4A036524AF710E00B5C724 /* Assets.xcassets */; };
		2B4A036924AF710E00B5C724 /* LaunchScreen.storyboard in Resources */ = {isa = PBXBuildFile; fileRef = 2B4A036724AF710E00B5C724 /* LaunchScreen.storyboard */; };
		2B76998324AFCCA8007AAB2A /* MyPageViewController.swift in Sources */ = {isa = PBXBuildFile; fileRef = 2B76998224AFCCA8007AAB2A /* MyPageViewController.swift */; };
		2B76998624AFCF10007AAB2A /* CarViewController.swift in Sources */ = {isa = PBXBuildFile; fileRef = 2B76998524AFCF10007AAB2A /* CarViewController.swift */; };
		2B76998824AFD4FE007AAB2A /* CarsHelper.swift in Sources */ = {isa = PBXBuildFile; fileRef = 2B76998724AFD4FE007AAB2A /* CarsHelper.swift */; };
/* End PBXBuildFile section */

/* Begin PBXFileReference section */
		2B4A035B24AF710C00B5C724 /* PageViewController.app */ = {isa = PBXFileReference; explicitFileType = wrapper.application; includeInIndex = 0; path = PageViewController.app; sourceTree = BUILT_PRODUCTS_DIR; };
		2B4A035E24AF710C00B5C724 /* AppDelegate.swift */ = {isa = PBXFileReference; lastKnownFileType = sourcecode.swift; path = AppDelegate.swift; sourceTree = "<group>"; };
		2B4A036024AF710C00B5C724 /* ViewController.swift */ = {isa = PBXFileReference; lastKnownFileType = sourcecode.swift; path = ViewController.swift; sourceTree = "<group>"; };
		2B4A036324AF710C00B5C724 /* Base */ = {isa = PBXFileReference; lastKnownFileType = file.storyboard; name = Base; path = Base.lproj/Main.storyboard; sourceTree = "<group>"; };
		2B4A036524AF710E00B5C724 /* Assets.xcassets */ = {isa = PBXFileReference; lastKnownFileType = folder.assetcatalog; path = Assets.xcassets; sourceTree = "<group>"; };
		2B4A036824AF710E00B5C724 /* Base */ = {isa = PBXFileReference; lastKnownFileType = file.storyboard; name = Base; path = Base.lproj/LaunchScreen.storyboard; sourceTree = "<group>"; };
		2B4A036A24AF710E00B5C724 /* Info.plist */ = {isa = PBXFileReference; lastKnownFileType = text.plist.xml; path = Info.plist; sourceTree = "<group>"; };
		2B76998224AFCCA8007AAB2A /* MyPageViewController.swift */ = {isa = PBXFileReference; lastKnownFileType = sourcecode.swift; path = MyPageViewController.swift; sourceTree = "<group>"; };
		2B76998524AFCF10007AAB2A /* CarViewController.swift */ = {isa = PBXFileReference; lastKnownFileType = sourcecode.swift; path = CarViewController.swift; sourceTree = "<group>"; };
		2B76998724AFD4FE007AAB2A /* CarsHelper.swift */ = {isa = PBXFileReference; lastKnownFileType = sourcecode.swift; path = CarsHelper.swift; sourceTree = "<group>"; };
/* End PBXFileReference section */

/* Begin PBXFrameworksBuildPhase section */
		2B4A035824AF710C00B5C724 /* Frameworks */ = {
			isa = PBXFrameworksBuildPhase;
			buildActionMask = 2147483647;
			files = (
			);
			runOnlyForDeploymentPostprocessing = 0;
		};
/* End PBXFrameworksBuildPhase section */

/* Begin PBXGroup section */
		2B4A035224AF710C00B5C724 = {
			isa = PBXGroup;
			children = (
				2B4A035D24AF710C00B5C724 /* PageViewController */,
				2B4A035C24AF710C00B5C724 /* Products */,
			);
			sourceTree = "<group>";
		};
		2B4A035C24AF710C00B5C724 /* Products */ = {
			isa = PBXGroup;
			children = (
				2B4A035B24AF710C00B5C724 /* PageViewController.app */,
			);
			name = Products;
			sourceTree = "<group>";
		};
		2B4A035D24AF710C00B5C724 /* PageViewController */ = {
			isa = PBXGroup;
			children = (
				2B4A035E24AF710C00B5C724 /* AppDelegate.swift */,
				2B76998424AFCCD9007AAB2A /* PageVC */,
				2B4A036024AF710C00B5C724 /* ViewController.swift */,
				2B4A036224AF710C00B5C724 /* Main.storyboard */,
				2B4A036524AF710E00B5C724 /* Assets.xcassets */,
				2B4A036724AF710E00B5C724 /* LaunchScreen.storyboard */,
				2B4A036A24AF710E00B5C724 /* Info.plist */,
			);
			path = PageViewController;
			sourceTree = "<group>";
		};
		2B76998424AFCCD9007AAB2A /* PageVC */ = {
			isa = PBXGroup;
			children = (
				2B76998224AFCCA8007AAB2A /* MyPageViewController.swift */,
				2B76998524AFCF10007AAB2A /* CarViewController.swift */,
				2B76998724AFD4FE007AAB2A /* CarsHelper.swift */,
			);
			path = PageVC;
			sourceTree = "<group>";
		};
/* End PBXGroup section */

/* Begin PBXNativeTarget section */
		2B4A035A24AF710C00B5C724 /* PageViewController */ = {
			isa = PBXNativeTarget;
			buildConfigurationList = 2B4A036D24AF710E00B5C724 /* Build configuration list for PBXNativeTarget "PageViewController" */;
			buildPhases = (
				2B4A035724AF710C00B5C724 /* Sources */,
				2B4A035824AF710C00B5C724 /* Frameworks */,
				2B4A035924AF710C00B5C724 /* Resources */,
			);
			buildRules = (
			);
			dependencies = (
			);
			name = PageViewController;
			productName = PageViewController;
			productReference = 2B4A035B24AF710C00B5C724 /* PageViewController.app */;
			productType = "com.apple.product-type.application";
		};
/* End PBXNativeTarget section */

/* Begin PBXProject section */
		2B4A035324AF710C00B5C724 /* Project object */ = {
			isa = PBXProject;
			attributes = {
				LastSwiftUpdateCheck = 1020;
				LastUpgradeCheck = 1020;
				ORGANIZATIONNAME = "Ярослав ";
				TargetAttributes = {
					2B4A035A24AF710C00B5C724 = {
						CreatedOnToolsVersion = 10.2.1;
					};
				};
			};
			buildConfigurationList = 2B4A035624AF710C00B5C724 /* Build configuration list for PBXProject "PageViewController" */;
			compatibilityVersion = "Xcode 9.3";
			developmentRegion = en;
			hasScannedForEncodings = 0;
			knownRegions = (
				en,
				Base,
			);
			mainGroup = 2B4A035224AF710C00B5C724;
			productRefGroup = 2B4A035C24AF710C00B5C724 /* Products */;
			projectDirPath = "";
			projectRoot = "";
			targets = (
				2B4A035A24AF710C00B5C724 /* PageViewController */,
			);
		};
/* End PBXProject section */

/* Begin PBXResourcesBuildPhase section */
		2B4A035924AF710C00B5C724 /* Resources */ = {
			isa = PBXResourcesBuildPhase;
			buildActionMask = 2147483647;
			files = (
				2B4A036924AF710E00B5C724 /* LaunchScreen.storyboard in Resources */,
				2B4A036624AF710E00B5C724 /* Assets.xcassets in Resources */,
				2B4A036424AF710C00B5C724 /* Main.storyboard in Resources */,
			);
			runOnlyForDeploymentPostprocessing = 0;
		};
/* End PBXResourcesBuildPhase section */

/* Begin PBXSourcesBuildPhase section */
		2B4A035724AF710C00B5C724 /* Sources */ = {
			isa = PBXSourcesBuildPhase;
			buildActionMask = 2147483647;
			files = (
				2B4A036124AF710C00B5C724 /* ViewController.swift in Sources */,
				2B76998324AFCCA8007AAB2A /* MyPageViewController.swift in Sources */,
				2B4A035F24AF710C00B5C724 /* AppDelegate.swift in Sources */,
				2B76998824AFD4FE007AAB2A /* CarsHelper.swift in Sources */,
				2B76998624AFCF10007AAB2A /* CarViewController.swift in Sources */,
			);
			runOnlyForDeploymentPostprocessing = 0;
		};
/* End PBXSourcesBuildPhase section */

/* Begin PBXVariantGroup section */
		2B4A036224AF710C00B5C724 /* Main.storyboard */ = {
			isa = PBXVariantGroup;
			children = (
				2B4A036324AF710C00B5C724 /* Base */,
			);
			name = Main.storyboard;
			sourceTree = "<group>";
		};
		2B4A036724AF710E00B5C724 /* LaunchScreen.storyboard */ = {
			isa = PBXVariantGroup;
			children = (
				2B4A036824AF710E00B5C724 /* Base */,
			);
			name = LaunchScreen.storyboard;
			sourceTree = "<group>";
		};
/* End PBXVariantGroup section */

/* Begin XCBuildConfiguration section */
		2B4A036B24AF710E00B5C724 /* Debug */ = {
			isa = XCBuildConfiguration;
			buildSettings = {
				ALWAYS_SEARCH_USER_PATHS = NO;
				CLANG_ANALYZER_NONNULL = YES;
				CLANG_ANALYZER_NUMBER_OBJECT_CONVERSION = YES_AGGRESSIVE;
				CLANG_CXX_LANGUAGE_STANDARD = "gnu++14";
				CLANG_CXX_LIBRARY = "libc++";
				CLANG_ENABLE_MODULES = YES;
				CLANG_ENABLE_OBJC_ARC = YES;
				CLANG_ENABLE_OBJC_WEAK = YES;
				CLANG_WARN_BLOCK_CAPTURE_AUTORELEASING = YES;
				CLANG_WARN_BOOL_CONVERSION = YES;
				CLANG_WARN_COMMA = YES;
				CLANG_WARN_CONSTANT_CONVERSION = YES;
				CLANG_WARN_DEPRECATED_OBJC_IMPLEMENTATIONS = YES;
				CLANG_WARN_DIRECT_OBJC_ISA_USAGE = YES_ERROR;
				CLANG_WARN_DOCUMENTATION_COMMENTS = YES;
				CLANG_WARN_EMPTY_BODY = YES;
				CLANG_WARN_ENUM_CONVERSION = YES;
				CLANG_WARN_INFINITE_RECURSION = YES;
				CLANG_WARN_INT_CONVERSION = YES;
				CLANG_WARN_NON_LITERAL_NULL_CONVERSION = YES;
				CLANG_WARN_OBJC_IMPLICIT_RETAIN_SELF = YES;
				CLANG_WARN_OBJC_LITERAL_CONVERSION = YES;
				CLANG_WARN_OBJC_ROOT_CLASS = YES_ERROR;
				CLANG_WARN_RANGE_LOOP_ANALYSIS = YES;
				CLANG_WARN_STRICT_PROTOTYPES = YES;
				CLANG_WARN_SUSPICIOUS_MOVE = YES;
				CLANG_WARN_UNGUARDED_AVAILABILITY = YES_AGGRESSIVE;
				CLANG_WARN_UNREACHABLE_CODE = YES;
				CLANG_WARN__DUPLICATE_METHOD_MATCH = YES;
				CODE_SIGN_IDENTITY = "iPhone Developer";
				COPY_PHASE_STRIP = NO;
				DEBUG_INFORMATION_FORMAT = dwarf;
				ENABLE_STRICT_OBJC_MSGSEND = YES;
				ENABLE_TESTABILITY = YES;
				GCC_C_LANGUAGE_STANDARD = gnu11;
				GCC_DYNAMIC_NO_PIC = NO;
				GCC_NO_COMMON_BLOCKS = YES;
				GCC_OPTIMIZATION_LEVEL = 0;
				GCC_PREPROCESSOR_DEFINITIONS = (
					"DEBUG=1",
					"$(inherited)",
				);
				GCC_WARN_64_TO_32_BIT_CONVERSION = YES;
				GCC_WARN_ABOUT_RETURN_TYPE = YES_ERROR;
				GCC_WARN_UNDECLARED_SELECTOR = YES;
				GCC_WARN_UNINITIALIZED_AUTOS = YES_AGGRESSIVE;
				GCC_WARN_UNUSED_FUNCTION = YES;
				GCC_WARN_UNUSED_VARIABLE = YES;
				IPHONEOS_DEPLOYMENT_TARGET = 12.2;
				MTL_ENABLE_DEBUG_INFO = INCLUDE_SOURCE;
				MTL_FAST_MATH = YES;
				ONLY_ACTIVE_ARCH = YES;
				SDKROOT = iphoneos;
				SWIFT_ACTIVE_COMPILATION_CONDITIONS = DEBUG;
				SWIFT_OPTIMIZATION_LEVEL = "-Onone";
			};
			name = Debug;
		};
		2B4A036C24AF710E00B5C724 /* Release */ = {
			isa = XCBuildConfiguration;
			buildSettings = {
				ALWAYS_SEARCH_USER_PATHS = NO;
				CLANG_ANALYZER_NONNULL = YES;
				CLANG_ANALYZER_NUMBER_OBJECT_CONVERSION = YES_AGGRESSIVE;
				CLANG_CXX_LANGUAGE_STANDARD = "gnu++14";
				CLANG_CXX_LIBRARY = "libc++";
				CLANG_ENABLE_MODULES = YES;
				CLANG_ENABLE_OBJC_ARC = YES;
				CLANG_ENABLE_OBJC_WEAK = YES;
				CLANG_WARN_BLOCK_CAPTURE_AUTORELEASING = YES;
				CLANG_WARN_BOOL_CONVERSION = YES;
				CLANG_WARN_COMMA = YES;
				CLANG_WARN_CONSTANT_CONVERSION = YES;
				CLANG_WARN_DEPRECATED_OBJC_IMPLEMENTATIONS = YES;
				CLANG_WARN_DIRECT_OBJC_ISA_USAGE = YES_ERROR;
				CLANG_WARN_DOCUMENTATION_COMMENTS = YES;
				CLANG_WARN_EMPTY_BODY = YES;
				CLANG_WARN_ENUM_CONVERSION = YES;
				CLANG_WARN_INFINITE_RECURSION = YES;
				CLANG_WARN_INT_CONVERSION = YES;
				CLANG_WARN_NON_LITERAL_NULL_CONVERSION = YES;
				CLANG_WARN_OBJC_IMPLICIT_RETAIN_SELF = YES;
				CLANG_WARN_OBJC_LITERAL_CONVERSION = YES;
				CLANG_WARN_OBJC_ROOT_CLASS = YES_ERROR;
				CLANG_WARN_RANGE_LOOP_ANALYSIS = YES;
				CLANG_WARN_STRICT_PROTOTYPES = YES;
				CLANG_WARN_SUSPICIOUS_MOVE = YES;
				CLANG_WARN_UNGUARDED_AVAILABILITY = YES_AGGRESSIVE;
				CLANG_WARN_UNREACHABLE_CODE = YES;
				CLANG_WARN__DUPLICATE_METHOD_MATCH = YES;
				CODE_SIGN_IDENTITY = "iPhone Developer";
				COPY_PHASE_STRIP = NO;
				DEBUG_INFORMATION_FORMAT = "dwarf-with-dsym";
				ENABLE_NS_ASSERTIONS = NO;
				ENABLE_STRICT_OBJC_MSGSEND = YES;
				GCC_C_LANGUAGE_STANDARD = gnu11;
				GCC_NO_COMMON_BLOCKS = YES;
				GCC_WARN_64_TO_32_BIT_CONVERSION = YES;
				GCC_WARN_ABOUT_RETURN_TYPE = YES_ERROR;
				GCC_WARN_UNDECLARED_SELECTOR = YES;
				GCC_WARN_UNINITIALIZED_AUTOS = YES_AGGRESSIVE;
				GCC_WARN_UNUSED_FUNCTION = YES;
				GCC_WARN_UNUSED_VARIABLE = YES;
				IPHONEOS_DEPLOYMENT_TARGET = 12.2;
				MTL_ENABLE_DEBUG_INFO = NO;
				MTL_FAST_MATH = YES;
				SDKROOT = iphoneos;
				SWIFT_COMPILATION_MODE = wholemodule;
				SWIFT_OPTIMIZATION_LEVEL = "-O";
				VALIDATE_PRODUCT = YES;
			};
			name = Release;
		};
		2B4A036E24AF710E00B5C724 /* Debug */ = {
			isa = XCBuildConfiguration;
			buildSettings = {
				ASSETCATALOG_COMPILER_APPICON_NAME = AppIcon;
				CODE_SIGN_STYLE = Automatic;
				DEVELOPMENT_TEAM = KTD4VTX649;
				INFOPLIST_FILE = PageViewController/Info.plist;
				LD_RUNPATH_SEARCH_PATHS = (
					"$(inherited)",
					"@executable_path/Frameworks",
				);
				PRODUCT_BUNDLE_IDENTIFIER = Jr.PageViewController;
				PRODUCT_NAME = "$(TARGET_NAME)";
				SWIFT_VERSION = 5.0;
				TARGETED_DEVICE_FAMILY = "1,2";
			};
			name = Debug;
		};
		2B4A036F24AF710E00B5C724 /* Release */ = {
			isa = XCBuildConfiguration;
			buildSettings = {
				ASSETCATALOG_COMPILER_APPICON_NAME = AppIcon;
				CODE_SIGN_STYLE = Automatic;
				DEVELOPMENT_TEAM = KTD4VTX649;
				INFOPLIST_FILE = PageViewController/Info.plist;
				LD_RUNPATH_SEARCH_PATHS = (
					"$(inherited)",
					"@executable_path/Frameworks",
				);
				PRODUCT_BUNDLE_IDENTIFIER = Jr.PageViewController;
				PRODUCT_NAME = "$(TARGET_NAME)";
				SWIFT_VERSION = 5.0;
				TARGETED_DEVICE_FAMILY = "1,2";
			};
			name = Release;
		};
/* End XCBuildConfiguration section */

/* Begin XCConfigurationList section */
		2B4A035624AF710C00B5C724 /* Build configuration list for PBXProject "PageViewController" */ = {
			isa = XCConfigurationList;
			buildConfigurations = (
				2B4A036B24AF710E00B5C724 /* Debug */,
				2B4A036C24AF710E00B5C724 /* Release */,
			);
			defaultConfigurationIsVisible = 0;
			defaultConfigurationName = Release;
		};
		2B4A036D24AF710E00B5C724 /* Build configuration list for PBXNativeTarget "PageViewController" */ = {
			isa = XCConfigurationList;
			buildConfigurations = (
				2B4A036E24AF710E00B5C724 /* Debug */,
				2B4A036F24AF710E00B5C724 /* Release */,
			);
			defaultConfigurationIsVisible = 0;
			defaultConfigurationName = Release;
		};
/* End XCConfigurationList section */
	};
	rootObject = 2B4A035324AF710C00B5C724 /* Project object */;
}
